
Microsoft Visual Studio Solution File, Format Version 12.00
# Visual Studio Version 17
VisualStudioVersion = 17.11.35219.272
MinimumVisualStudioVersion = 10.0.40219.1
Project("{9A19103F-16F7-4668-BE54-9A1E7A4F7556}") = "Portfolio", "Portfolio\Portfolio.csproj", "{DFD666F8-B31F-4C34-ADF7-2C8A7A83E28E}"
EndProject
Project("{9A19103F-16F7-4668-BE54-9A1E7A4F7556}") = "Portfolio.Server", "Portfolio.Server\Portfolio.Server.csproj", "{333E0643-7443-457C-B237-4B17C61D2FB7}"
EndProject
Global
	GlobalSection(SolutionConfigurationPlatforms) = preSolution
		Debug|Any CPU = Debug|Any CPU
		Release|Any CPU = Release|Any CPU
	EndGlobalSection
	GlobalSection(ProjectConfigurationPlatforms) = postSolution
		{DFD666F8-B31F-4C34-ADF7-2C8A7A83E28E}.Debug|Any CPU.ActiveCfg = Debug|Any CPU
		{DFD666F8-B31F-4C34-ADF7-2C8A7A83E28E}.Debug|Any CPU.Build.0 = Debug|Any CPU
		{DFD666F8-B31F-4C34-ADF7-2C8A7A83E28E}.Release|Any CPU.ActiveCfg = Release|Any CPU
		{DFD666F8-B31F-4C34-ADF7-2C8A7A83E28E}.Release|Any CPU.Build.0 = Release|Any CPU
		{333E0643-7443-457C-B237-4B17C61D2FB7}.Debug|Any CPU.ActiveCfg = Debug|Any CPU
		{333E0643-7443-457C-B237-4B17C61D2FB7}.Debug|Any CPU.Build.0 = Debug|Any CPU
		{333E0643-7443-457C-B237-4B17C61D2FB7}.Release|Any CPU.ActiveCfg = Release|Any CPU
		{333E0643-7443-457C-B237-4B17C61D2FB7}.Release|Any CPU.Build.0 = Release|Any CPU
	EndGlobalSection
	GlobalSection(SolutionProperties) = preSolution
		HideSolutionNode = FALSE
	EndGlobalSection
	GlobalSection(ExtensibilityGlobals) = postSolution
		SolutionGuid = {2421433A-D9F0-428C-8957-BBCC2DC9374C}
	EndGlobalSection
EndGlobal
